{
  "version": "4",
  "specifiers": {
    "jsr:@std/assert@1": "1.0.11",
    "jsr:@std/internal@^1.0.5": "1.0.5",
    "npm:@types/showdown@^2.0.6": "2.0.6",
    "npm:showdown@^2.1.0": "2.1.0"
  },
  "jsr": {
    "@std/assert@1.0.11": {
      "integrity": "2461ef3c368fe88bc60e186e7744a93112f16fd110022e113a0849e94d1c83c1",
      "dependencies": [
        "jsr:@std/internal"
      ]
    },
    "@std/internal@1.0.5": {
      "integrity": "54a546004f769c1ac9e025abd15a76b6671ddc9687e2313b67376125650dc7ba"
    }
  },
  "npm": {
    "@types/showdown@2.0.6": {
      "integrity": "sha512-pTvD/0CIeqe4x23+YJWlX2gArHa8G0J0Oh6GKaVXV7TAeickpkkZiNOgFcFcmLQ5lB/K0qBJL1FtRYltBfbGCQ=="
    },
    "commander@9.5.0": {
      "integrity": "sha512-KRs7WVDKg86PWiuAqhDrAQnTXZKraVcCc6vFdL14qrZ/DcWwuRo7VoiYXalXO7S5GKpqYiVEwCbgFDfxNHKJBQ=="
    },
    "showdown@2.1.0": {
      "integrity": "sha512-/6NVYu4U819R2pUIk79n67SYgJHWCce0a5xTP979WbNp0FL9MN1I1QK662IDU1b6JzKTvmhgI7T7JYIxBi3kMQ==",
      "dependencies": [
        "commander"
      ]
    }
  },
  "workspace": {
    "dependencies": [
      "jsr:@std/assert@1",
      "npm:@types/showdown@^2.0.6",
      "npm:showdown@^2.1.0"
    ]
  }
}
